{
  "version": "5",
  "specifiers": {
    "npm:@aws-sdk/client-s3@3.883.0": "3.883.0",
    "npm:@aws-sdk/s3-request-presigner@3.883.0": "3.883.0",
    "npm:@supabase/supabase-js@2.107.0": "2.107.0"
  },
  "npm": {
    "@aws-crypto/crc32@5.2.0": {
      "integrity": "sha512-nLbCWqQNgUiwwtFsen1AdzAtvuLRsQS8rYgMuxCrdKf9kOssamGLuPwyTY9wyYblNr9+1XM8v6zoDTPPSIeANg==",
      "dependencies": [
        "@aws-crypto/util",
        "@aws-sdk/types",
        "tslib"
      ]
    },
    "@aws-crypto/crc32c@5.2.0": {
      "integrity": "sha512-+iWb8qaHLYKrNvGRbiYRHSdKRWhto5XlZUEBwDjYNf+ly5SVYG6zEoYIdxvf5R3zyeP16w4PLBn3rH1xc74Rag==",
      "dependencies": [
        "@aws-crypto/util",
        "@aws-sdk/types",
        "tslib"
      ]
    },
    "@aws-crypto/sha1-browser@5.2.0": {
      "integrity": "sha512-OH6lveCFfcDjX4dbAvCFSYUjJZjDr/3XJ3xHtjn3Oj5b9RjojQo8npoLeA/bNwkOkrSQ0wgrHzXk4tDRxGKJeg==",
      "dependencies": [
        "@aws-crypto/supports-web-crypto",
        "@aws-crypto/util",
        "@aws-sdk/types",
        "@aws-sdk/util-locate-window",
        "@smithy/util-utf8@2.3.0",
        "tslib"
      ]
    },
    "@aws-crypto/sha256-browser@5.2.0": {
      "integrity": "sha512-AXfN/lGotSQwu6HNcEsIASo7kWXZ5HYWvfOmSNKDsEqC4OashTp8alTmaz+F7TC2L083SFv5RdB+qU3Vs1kZqw==",
      "dependencies": [
        "@aws-crypto/sha256-js",
        "@aws-crypto/supports-web-crypto",
        "@aws-crypto/util",
        "@aws-sdk/types",
        "@aws-sdk/util-locate-window",
        "@smithy/util-utf8@2.3.0",
        "tslib"
      ]
    },
    "@aws-crypto/sha256-js@5.2.0": {
      "integrity": "sha512-FFQQyu7edu4ufvIZ+OadFpHHOt+eSTBaYaki44c+akjg7qZg9oOQeLlk77F6tSYqjDAFClrHJk9tMf0HdVyOvA==",
      "dependencies": [
        "@aws-crypto/util",
        "@aws-sdk/types",
        "tslib"
      ]
    },
    "@aws-crypto/supports-web-crypto@5.2.0": {
      "integrity": "sha512-iAvUotm021kM33eCdNfwIN//F77/IADDSs58i+MDaOqFrVjZo9bAal0NK7HurRuWLLpF1iLX7gbWrjHjeo+YFg==",
      "dependencies": [
        "tslib"
      ]
    },
    "@aws-crypto/util@5.2.0": {
      "integrity": "sha512-4RkU9EsI6ZpBve5fseQlGNUWKMa1RLPQ1dnjnQoe07ldfIzcsGb5hC5W0Dm7u423KWzawlrpbjXBrXCEv9zazQ==",
      "dependencies": [
        "@aws-sdk/types",
        "@smithy/util-utf8@2.3.0",
        "tslib"
      ]
    },
    "@aws-sdk/client-s3@3.883.0": {
      "integrity": "sha512-+l/p5G/bbobzcils5wKSV1vQEITvJIXDkLfkMWLpF6CC3YfdSDlVn1VOD+NcfuOuVGv4UkwcJzWuC6eaX6t8jg==",
      "dependencies": [
        "@aws-crypto/sha1-browser",
        "@aws-crypto/sha256-browser",
        "@aws-crypto/sha256-js",
        "@aws-sdk/core",
        "@aws-sdk/credential-provider-node",
        "@aws-sdk/middleware-bucket-endpoint",
        "@aws-sdk/middleware-expect-continue",
        "@aws-sdk/middleware-flexible-checksums",
        "@aws-sdk/middleware-host-header",
        "@aws-sdk/middleware-location-constraint",
        "@aws-sdk/middleware-logger",
        "@aws-sdk/middleware-recursion-detection",
        "@aws-sdk/middleware-sdk-s3",
        "@aws-sdk/middleware-ssec",
        "@aws-sdk/middleware-user-agent",
        "@aws-sdk/region-config-resolver",
        "@aws-sdk/signature-v4-multi-region",
        "@aws-sdk/types",
        "@aws-sdk/util-endpoints",
        "@aws-sdk/util-user-agent-browser",
        "@aws-sdk/util-user-agent-node",
        "@aws-sdk/xml-builder",
        "@smithy/config-resolver",
        "@smithy/core",
        "@smithy/eventstream-serde-browser",
        "@smithy/eventstream-serde-config-resolver",
        "@smithy/eventstream-serde-node",
        "@smithy/fetch-http-handler",
        "@smithy/hash-blob-browser",
        "@smithy/hash-node",
        "@smithy/hash-stream-node",
        "@smithy/invalid-dependency",
        "@smithy/md5-js",
        "@smithy/middleware-content-length",
        "@smithy/middleware-endpoint",
        "@smithy/middleware-retry",
        "@smithy/middleware-serde",
        "@smithy/middleware-stack",
        "@smithy/node-config-provider",
        "@smithy/node-http-handler",
        "@smithy/protocol-http",
        "@smithy/smithy-client",
        "@smithy/types",
        "@smithy/url-parser",
        "@smithy/util-base64",
        "@smithy/util-body-length-browser",
        "@smithy/util-body-length-node",
        "@smithy/util-defaults-mode-browser",
        "@smithy/util-defaults-mode-node",
        "@smithy/util-endpoints",
        "@smithy/util-middleware",
        "@smithy/util-retry",
        "@smithy/util-stream",
        "@smithy/util-utf8@4.4.16",
        "@smithy/util-waiter",
        "@types/uuid",
        "tslib",
        "uuid"
      ]
    },
    "@aws-sdk/client-sso@3.883.0": {
      "integrity": "sha512-Ybjw76yPceEBO7+VLjy5+/Gr0A1UNymSDHda5w8tfsS2iHZt/vuD6wrYpHdLoUx4H5la8ZhwcSfK/+kmE+QLPw==",
      "dependencies": [
        "@aws-crypto/sha256-browser",
        "@aws-crypto/sha256-js",
        "@aws-sdk/core",
        "@aws-sdk/middleware-host-header",
        "@aws-sdk/middleware-logger",
        "@aws-sdk/middleware-recursion-detection",
        "@aws-sdk/middleware-user-agent",
        "@aws-sdk/region-config-resolver",
        "@aws-sdk/types",
        "@aws-sdk/util-endpoints",
        "@aws-sdk/util-user-agent-browser",
        "@aws-sdk/util-user-agent-node",
        "@smithy/config-resolver",
        "@smithy/core",
        "@smithy/fetch-http-handler",
        "@smithy/hash-node",
        "@smithy/invalid-dependency",
        "@smithy/middleware-content-length",
        "@smithy/middleware-endpoint",
        "@smithy/middleware-retry",
        "@smithy/middleware-serde",
        "@smithy/middleware-stack",
        "@smithy/node-config-provider",
        "@smithy/node-http-handler",
        "@smithy/protocol-http",
        "@smithy/smithy-client",
        "@smithy/types",
        "@smithy/url-parser",
        "@smithy/util-base64",
        "@smithy/util-body-length-browser",
        "@smithy/util-body-length-node",
        "@smithy/util-defaults-mode-browser",
        "@smithy/util-defaults-mode-node",
        "@smithy/util-endpoints",
        "@smithy/util-middleware",
        "@smithy/util-retry",
        "@smithy/util-utf8@4.4.16",
        "tslib"
      ]
    },
    "@aws-sdk/core@3.883.0": {
      "integrity": "sha512-FmkqnqBLkXi4YsBPbF6vzPa0m4XKUuvgKDbamfw4DZX2CzfBZH6UU4IwmjNV3ZM38m0xraHarK8KIbGSadN3wg==",
      "dependencies": [
        "@aws-sdk/types",
        "@aws-sdk/xml-builder",
        "@smithy/core",
        "@smithy/node-config-provider",
        "@smithy/property-provider",
        "@smithy/protocol-http",
        "@smithy/signature-v4",
        "@smithy/smithy-client",
        "@smithy/types",
        "@smithy/util-base64",
        "@smithy/util-body-length-browser",
        "@smithy/util-middleware",
        "@smithy/util-utf8@4.4.16",
        "fast-xml-parser",
        "tslib"
      ]
    },
    "@aws-sdk/credential-provider-env@3.883.0": {
      "integrity": "sha512-Z6tPBXPCodfhIF1rvQKoeRGMkwL6TK0xdl1UoMIA1x4AfBpPICAF77JkFBExk/pdiFYq1d04Qzddd/IiujSlLg==",
      "dependencies": [
        "@aws-sdk/core",
        "@aws-sdk/types",
        "@smithy/property-provider",
        "@smithy/types",
        "tslib"
      ]
    },
    "@aws-sdk/credential-provider-http@3.883.0": {
      "integrity": "sha512-P589ug1lMOOEYLTaQJjSP+Gee34za8Kk2LfteNQfO9SpByHFgGj++Sg8VyIe30eZL8Q+i4qTt24WDCz1c+dgYg==",
      "dependencies": [
        "@aws-sdk/core",
        "@aws-sdk/types",
        "@smithy/fetch-http-handler",
        "@smithy/node-http-handler",
        "@smithy/property-provider",
        "@smithy/protocol-http",
        "@smithy/smithy-client",
        "@smithy/types",
        "@smithy/util-stream",
        "tslib"
      ]
    },
    "@aws-sdk/credential-provider-ini@3.883.0": {
      "integrity": "sha512-n6z9HTzuDEdugXvPiE/95VJXbF4/gBffdV/SRHDJKtDHaRuvp/gggbfmfVSTFouGVnlKPb2pQWQsW3Nr/Y3Lrw==",
      "dependencies": [
        "@aws-sdk/core",
        "@aws-sdk/credential-provider-env",
        "@aws-sdk/credential-provider-http",
        "@aws-sdk/credential-provider-process",
        "@aws-sdk/credential-provider-sso",
        "@aws-sdk/credential-provider-web-identity",
        "@aws-sdk/nested-clients",
        "@aws-sdk/types",
        "@smithy/credential-provider-imds",
        "@smithy/property-provider",
        "@smithy/shared-ini-file-loader",
        "@smithy/types",
        "tslib"
      ]
    },
    "@aws-sdk/credential-provider-node@3.883.0": {
      "integrity": "sha512-QIUhsatsrwfB9ZsKpmi0EySSfexVP61wgN7hr493DOileh2QsKW4XATEfsWNmx0dj9323Vg1Mix7bXtRfl9cGg==",
      "dependencies": [
        "@aws-sdk/credential-provider-env",
        "@aws-sdk/credential-provider-http",
        "@aws-sdk/credential-provider-ini",
        "@aws-sdk/credential-provider-process",
        "@aws-sdk/credential-provider-sso",
        "@aws-sdk/credential-provider-web-identity",
        "@aws-sdk/types",
        "@smithy/credential-provider-imds",
        "@smithy/property-provider",
        "@smithy/shared-ini-file-loader",
        "@smithy/types",
        "tslib"
      ]
    },
    "@aws-sdk/credential-provider-process@3.883.0": {
      "integrity": "sha512-m1shbHY/Vppy4EdddG9r8x64TO/9FsCjokp5HbKcZvVoTOTgUJrdT8q2TAQJ89+zYIJDqsKbqfrmfwJ1zOdnGQ==",
      "dependencies": [
        "@aws-sdk/core",
        "@aws-sdk/types",
        "@smithy/property-provider",
        "@smithy/shared-ini-file-loader",
        "@smithy/types",
        "tslib"
      ]
    },
    "@aws-sdk/credential-provider-sso@3.883.0": {
      "integrity": "sha512-37ve9Tult08HLXrJFHJM/sGB/vO7wzI6v1RUUfeTiShqx8ZQ5fTzCTNY/duO96jCtCexmFNSycpQzh7lDIf0aA==",
      "dependencies": [
        "@aws-sdk/client-sso",
        "@aws-sdk/core",
        "@aws-sdk/token-providers",
        "@aws-sdk/types",
        "@smithy/property-provider",
        "@smithy/shared-ini-file-loader",
        "@smithy/types",
        "tslib"
      ]
    },
    "@aws-sdk/credential-provider-web-identity@3.883.0": {
      "integrity": "sha512-SL82K9Jb0vpuTadqTO4Fpdu7SKtebZ3Yo4LZvk/U0UauVMlJj5ZTos0mFx1QSMB9/4TpqifYrSZcdnxgYg8Eqw==",
      "dependencies": [
        "@aws-sdk/core",
        "@aws-sdk/nested-clients",
        "@aws-sdk/types",
        "@smithy/property-provider",
        "@smithy/types",
        "tslib"
      ]
    },
    "@aws-sdk/middleware-bucket-endpoint@3.873.0": {
      "integrity": "sha512-b4bvr0QdADeTUs+lPc9Z48kXzbKHXQKgTvxx/jXDgSW9tv4KmYPO1gIj6Z9dcrBkRWQuUtSW3Tu2S5n6pe+zeg==",
      "dependencies": [
        "@aws-sdk/types",
        "@aws-sdk/util-arn-parser",
        "@smithy/node-config-provider",
        "@smithy/protocol-http",
        "@smithy/types",
        "@smithy/util-config-provider",
        "tslib"
      ]
    },
    "@aws-sdk/middleware-expect-continue@3.873.0": {
      "integrity": "sha512-GIqoc8WgRcf/opBOZXFLmplJQKwOMjiOMmDz9gQkaJ8FiVJoAp8EGVmK2TOWZMQUYsavvHYsHaor5R2xwPoGVg==",
      "dependencies": [
        "@aws-sdk/types",
        "@smithy/protocol-http",
        "@smithy/types",
        "tslib"
      ]
    },
    "@aws-sdk/middleware-flexible-checksums@3.883.0": {
      "integrity": "sha512-EloU4ZjkH+CXCHJcYElXo5nZ1vK6Miam/S02YSHk5JTrJkm4RV478KXXO29TIIAwZXcLT/FEQOZ9ZH/JHFFCFQ==",
      "dependencies": [
        "@aws-crypto/crc32",
        "@aws-crypto/crc32c",
        "@aws-crypto/util",
        "@aws-sdk/core",
        "@aws-sdk/types",
        "@smithy/is-array-buffer@4.4.16",
        "@smithy/node-config-provider",
        "@smithy/protocol-http",
        "@smithy/types",
        "@smithy/util-middleware",
        "@smithy/util-stream",
        "@smithy/util-utf8@4.4.16",
        "tslib"
      ]
    },
    "@aws-sdk/middleware-host-header@3.873.0": {
      "integrity": "sha512-KZ/W1uruWtMOs7D5j3KquOxzCnV79KQW9MjJFZM/M0l6KI8J6V3718MXxFHsTjUE4fpdV6SeCNLV1lwGygsjJA==",
      "dependencies": [
        "@aws-sdk/types",
        "@smithy/protocol-http",
        "@smithy/types",
        "tslib"
      ]
    },
    "@aws-sdk/middleware-location-constraint@3.873.0": {
      "integrity": "sha512-r+hIaORsW/8rq6wieDordXnA/eAu7xAPLue2InhoEX6ML7irP52BgiibHLpt9R0psiCzIHhju8qqKa4pJOrmiw==",
      "dependencies": [
        "@aws-sdk/types",
        "@smithy/types",
        "tslib"
      ]
    },
    "@aws-sdk/middleware-logger@3.876.0": {
      "integrity": "sha512-cpWJhOuMSyz9oV25Z/CMHCBTgafDCbv7fHR80nlRrPdPZ8ETNsahwRgltXP1QJJ8r3X/c1kwpOR7tc+RabVzNA==",
      "dependencies": [
        "@aws-sdk/types",
        "@smithy/types",
        "tslib"
      ]
    },
    "@aws-sdk/middleware-recursion-detection@3.873.0": {
      "integrity": "sha512-OtgY8EXOzRdEWR//WfPkA/fXl0+WwE8hq0y9iw2caNyKPtca85dzrrZWnPqyBK/cpImosrpR1iKMYr41XshsCg==",
      "dependencies": [
        "@aws-sdk/types",
        "@smithy/protocol-http",
        "@smithy/types",
        "tslib"
      ]
    },
    "@aws-sdk/middleware-sdk-s3@3.883.0": {
      "integrity": "sha512-i4sGOj9xhSN6/LkYj3AJ2SRWENnpN9JySwNqIoRqO1Uon8gfyNLJd1yV+s43vXQsU5wbKWVXK8l9SRo+vNTQwg==",
      "dependencies": [
        "@aws-sdk/core",
        "@aws-sdk/types",
        "@aws-sdk/util-arn-parser",
        "@smithy/core",
        "@smithy/node-config-provider",
        "@smithy/protocol-http",
        "@smithy/signature-v4",
        "@smithy/smithy-client",
        "@smithy/types",
        "@smithy/util-config-provider",
        "@smithy/util-middleware",
        "@smithy/util-stream",
        "@smithy/util-utf8@4.4.16",
        "tslib"
      ]
    },
    "@aws-sdk/middleware-ssec@3.873.0": {
      "integrity": "sha512-AF55J94BoiuzN7g3hahy0dXTVZahVi8XxRBLgzNp6yQf0KTng+hb/V9UQZVYY1GZaDczvvvnqC54RGe9OZZ9zQ==",
      "dependencies": [
        "@aws-sdk/types",
        "@smithy/types",
        "tslib"
      ]
    },
    "@aws-sdk/middleware-user-agent@3.883.0": {
      "integrity": "sha512-q58uLYnGLg7hsnWpdj7Cd1Ulsq1/PUJOHvAfgcBuiDE/+Fwh0DZxZZyjrU+Cr+dbeowIdUaOO8BEDDJ0CUenJw==",
      "dependencies": [
        "@aws-sdk/core",
        "@aws-sdk/types",
        "@aws-sdk/util-endpoints",
        "@smithy/core",
        "@smithy/protocol-http",
        "@smithy/types",
        "tslib"
      ]
    },
    "@aws-sdk/nested-clients@3.883.0": {
      "integrity": "sha512-IhzDM+v0ga53GOOrZ9jmGNr7JU5OR6h6ZK9NgB7GXaa+gsDbqfUuXRwyKDYXldrTXf1sUR3vy1okWDXA7S2ejQ==",
      "dependencies": [
        "@aws-crypto/sha256-browser",
        "@aws-crypto/sha256-js",
        "@aws-sdk/core",
        "@aws-sdk/middleware-host-header",
        "@aws-sdk/middleware-logger",
        "@aws-sdk/middleware-recursion-detection",
        "@aws-sdk/middleware-user-agent",
        "@aws-sdk/region-config-resolver",
        "@aws-sdk/types",
        "@aws-sdk/util-endpoints",
        "@aws-sdk/util-user-agent-browser",
        "@aws-sdk/util-user-agent-node",
        "@smithy/config-resolver",
        "@smithy/core",
        "@smithy/fetch-http-handler",
        "@smithy/hash-node",
        "@smithy/invalid-dependency",
        "@smithy/middleware-content-length",
        "@smithy/middleware-endpoint",
        "@smithy/middleware-retry",
        "@smithy/middleware-serde",
        "@smithy/middleware-stack",
        "@smithy/node-config-provider",
        "@smithy/node-http-handler",
        "@smithy/protocol-http",
        "@smithy/smithy-client",
        "@smithy/types",
        "@smithy/url-parser",
        "@smithy/util-base64",
        "@smithy/util-body-length-browser",
        "@smithy/util-body-length-node",
        "@smithy/util-defaults-mode-browser",
        "@smithy/util-defaults-mode-node",
        "@smithy/util-endpoints",
        "@smithy/util-middleware",
        "@smithy/util-retry",
        "@smithy/util-utf8@4.4.16",
        "tslib"
      ]
    },
    "@aws-sdk/region-config-resolver@3.873.0": {
      "integrity": "sha512-q9sPoef+BBG6PJnc4x60vK/bfVwvRWsPgcoQyIra057S/QGjq5VkjvNk6H8xedf6vnKlXNBwq9BaANBXnldUJg==",
      "dependencies": [
        "@aws-sdk/types",
        "@smithy/node-config-provider",
        "@smithy/types",
        "@smithy/util-config-provider",
        "@smithy/util-middleware",
        "tslib"
      ]
    },
    "@aws-sdk/s3-request-presigner@3.883.0": {
      "integrity": "sha512-NW20A3PD+vqVcr/5F3cbqibKogUNdDAE9K9MUE7X1JSz3Gi/2nMV2hoRdC3+T3c6XE44t6LW1Swt3JOvaQOJLw==",
      "dependencies": [
        "@aws-sdk/signature-v4-multi-region",
        "@aws-sdk/types",
        "@aws-sdk/util-format-url",
        "@smithy/middleware-endpoint",
        "@smithy/protocol-http",
        "@smithy/smithy-client",
        "@smithy/types",
        "tslib"
      ]
    },
    "@aws-sdk/signature-v4-multi-region@3.883.0": {
      "integrity": "sha512-86PO7+xhuQ48cD3xlZgEpRxVP1lBarWAJy23sB6zZLHgZSbnYXYjRFuyxX4PlFzqllM3PDKJvq3WnXeqSXeNsg==",
      "dependencies": [
        "@aws-sdk/middleware-sdk-s3",
        "@aws-sdk/types",
        "@smithy/protocol-http",
        "@smithy/signature-v4",
        "@smithy/types",
        "tslib"
      ]
    },
    "@aws-sdk/token-providers@3.883.0": {
      "integrity": "sha512-tcj/Z5paGn9esxhmmkEW7gt39uNoIRbXG1UwJrfKu4zcTr89h86PDiIE2nxUO3CMQf1KgncPpr5WouPGzkh/QQ==",
      "dependencies": [
        "@aws-sdk/core",
        "@aws-sdk/nested-clients",
        "@aws-sdk/types",
        "@smithy/property-provider",
        "@smithy/shared-ini-file-loader",
        "@smithy/types",
        "tslib"
      ]
    },
    "@aws-sdk/types@3.862.0": {
      "integrity": "sha512-Bei+RL0cDxxV+lW2UezLbCYYNeJm6Nzee0TpW0FfyTRBhH9C1XQh4+x+IClriXvgBnRquTMMYsmJfvx8iyLKrg==",
      "dependencies": [
        "@smithy/types",
        "tslib"
      ]
    },
    "@aws-sdk/util-arn-parser@3.873.0": {
      "integrity": "sha512-qag+VTqnJWDn8zTAXX4wiVioa0hZDQMtbZcGRERVnLar4/3/VIKBhxX2XibNQXFu1ufgcRn4YntT/XEPecFWcg==",
      "dependencies": [
        "tslib"
      ]
    },
    "@aws-sdk/util-endpoints@3.879.0": {
      "integrity": "sha512-aVAJwGecYoEmbEFju3127TyJDF9qJsKDUUTRMDuS8tGn+QiWQFnfInmbt+el9GU1gEJupNTXV+E3e74y51fb7A==",
      "dependencies": [
        "@aws-sdk/types",
        "@smithy/types",
        "@smithy/url-parser",
        "@smithy/util-endpoints",
        "tslib"
      ]
    },
    "@aws-sdk/util-format-url@3.873.0": {
      "integrity": "sha512-v//b9jFnhzTKKV3HFTw2MakdM22uBAs2lBov51BWmFXuFtSTdBLrR7zgfetQPE3PVkFai0cmtJQPdc3MX+T/cQ==",
      "dependencies": [
        "@aws-sdk/types",
        "@smithy/querystring-builder",
        "@smithy/types",
        "tslib"
      ]
    },
    "@aws-sdk/util-locate-window@3.965.8": {
      "integrity": "sha512-uUbMs1cBZPafD0ohUj6EwNf0fPZ534NvBxHox4hjX+0Rxq5paSYUem7+hi833pYrzrcnBATKIYpR02MDXT5M9g==",
      "dependencies": [
        "tslib"
      ]
    },
    "@aws-sdk/util-user-agent-browser@3.873.0": {
      "integrity": "sha512-AcRdbK6o19yehEcywI43blIBhOCSo6UgyWcuOJX5CFF8k39xm1ILCjQlRRjchLAxWrm0lU0Q7XV90RiMMFMZtA==",
      "dependencies": [
        "@aws-sdk/types",
        "@smithy/types",
        "bowser",
        "tslib"
      ]
    },
    "@aws-sdk/util-user-agent-node@3.883.0": {
      "integrity": "sha512-28cQZqC+wsKUHGpTBr+afoIdjS6IoEJkMqcZsmo2Ag8LzmTa6BUWQenFYB0/9BmDy4PZFPUn+uX+rJgWKB+jzA==",
      "dependencies": [
        "@aws-sdk/middleware-user-agent",
        "@aws-sdk/types",
        "@smithy/node-config-provider",
        "@smithy/types",
        "tslib"
      ]
    },
    "@aws-sdk/xml-builder@3.873.0": {
      "integrity": "sha512-kLO7k7cGJ6KaHiExSJWojZurF7SnGMDHXRuQunFnEoD0n1yB6Lqy/S/zHiQ7oJnBhPr9q0TW9qFkrsZb1Uc54w==",
      "dependencies": [
        "@smithy/types",
        "tslib"
      ]
    },
    "@smithy/config-resolver@4.6.16": {
      "integrity": "sha512-XMDfb7LTrlUeI9PpfMa6xzRv+yMtYFsr1LqTsR3CGpSSaaPIR5ldlAiXyLjFYmbh1/DD5NxHmDybdh6lJjJM+Q==",
      "dependencies": [
        "@smithy/core",
        "tslib"
      ]
    },
    "@smithy/core@3.31.1": {
      "integrity": "sha512-CyogUINxvi7C7LDsh8Syo6hVJOT9ckz4rG8dRZfTJ8r91HkMY59PnNooaj7WcHyxEkxPfBAmbgztZU+xTo76lg==",
      "dependencies": [
        "@smithy/types",
        "tslib"
      ]
    },
    "@smithy/credential-provider-imds@4.4.16": {
      "integrity": "sha512-QfuLWAkLzptffFW980AFeHZFdqds2B64rpEd3uJ6lgs3xVn9QegGMUgUcj+4d7dRrAsya3r58ZKpku97WcFb4w==",
      "dependencies": [
        "@smithy/core",
        "@smithy/types",
        "tslib"
      ]
    },
    "@smithy/eventstream-serde-browser@4.4.16": {
      "integrity": "sha512-t+RmwgPwqlhzHxH9EHubIkyN2eSAuy5d4LR7gz/HsUZRHkXpHRuzjiPvD7fLIVefhgSakGoiiiJ1jUursfFkMQ==",
      "dependencies": [
        "@smithy/core",
        "tslib"
      ]
    },
    "@smithy/eventstream-serde-config-resolver@4.5.16": {
      "integrity": "sha512-XSqzMmc3iUO+jC50lQET3l8fX8qvt9apyQMobmHy8o9Ax4eDcIqWvXKdzGJJanJZNeqfH+Itwo6l4tspmKQekA==",
      "dependencies": [
        "@smithy/core",
        "tslib"
      ]
    },
    "@smithy/eventstream-serde-node@4.4.16": {
      "integrity": "sha512-xIWOCcsrQPlWzxXfdPer0cHzvEDycVKk76F1Oxl73qXq8lZuGd+lzJYWo3vkrXnrwqFya95urMmYMjDIY7hG8g==",
      "dependencies": [
        "@smithy/core",
        "tslib"
      ]
    },
    "@smithy/fetch-http-handler@5.6.13": {
      "integrity": "sha512-4fW86pEUOMbrD5nkbyl/tTvPHHWJFbuB2odl6ps9lWfHoXf9HWh3Q/Smh59qH1g7+c/BSZghX6bbUk4gsiMs8A==",
      "dependencies": [
        "@smithy/core",
        "@smithy/types",
        "tslib"
      ]
    },
    "@smithy/hash-blob-browser@4.4.16": {
      "integrity": "sha512-B3yUUqflj/L1HY1QvSLSmU+NOtG5mroO4+dXj3sjqWKxdO//wrlSpkymV+dkVpwUJvwCXtSAybdzs2WIiCArjQ==",
      "dependencies": [
        "@smithy/core",
        "tslib"
      ]
    },
    "@smithy/hash-node@4.4.16": {
      "integrity": "sha512-9NJHd8scrdVORvnaMHIHgPipGxLiTK3FMNUfWl0tHn2fwJIEk4rZ3OM793yIWV8L+WKu+AWQZBcVyd5qrVXy+A==",
      "dependencies": [
        "@smithy/core",
        "tslib"
      ]
    },
    "@smithy/hash-stream-node@4.4.16": {
      "integrity": "sha512-ZhloOl0+kyQHlmaEhYvsPbNs9ekLHsbMt82W70v0ChIQKbm1HaUAozWDph2QmA8L/PtiP6cwy+6nPTffVNjBMg==",
      "dependencies": [
        "@smithy/core",
        "tslib"
      ]
    },
    "@smithy/invalid-dependency@4.4.16": {
      "integrity": "sha512-fEXR2jKLnu1U9sL/Obdkxs8f3M1pLSDjM30cMmpz2L61oGnlUdx1Z9Wj+9+mID7kKldEVOUQfuXqHrK4RP90FA==",
      "dependencies": [
        "@smithy/core",
        "tslib"
      ]
    },
    "@smithy/is-array-buffer@2.2.0": {
      "integrity": "sha512-GGP3O9QFD24uGeAXYUjwSTXARoqpZykHadOmA8G5vfJPK0/DC67qa//0qvqrJzL1xc8WQWX7/yc7fwudjPHPhA==",
      "dependencies": [
        "tslib"
      ]
    },
    "@smithy/is-array-buffer@4.4.16": {
      "integrity": "sha512-Uu5RVG+BjnS74dzSlQbK50ONlE3DD9YXdZwlBbZRCjvEp5KrBu/FPwO3SyDBYf6l12Q0DxSFdjeBiIh+7gNcmg==",
      "dependencies": [
        "@smithy/core",
        "tslib"
      ]
    },
    "@smithy/md5-js@4.4.16": {
      "integrity": "sha512-XdPyIiKajNJ5HoLkBYe3EP+Tc9LmyIz/o7bfcCvr7TR7wmtJqAezvyMSV7X+vjTh6l/y3dC81tIc2PirpMpbZw==",
      "dependencies": [
        "@smithy/core",
        "tslib"
      ]
    },
    "@smithy/middleware-content-length@4.4.16": {
      "integrity": "sha512-Q+J8iTUHr5qtoejFJCb9TTavDh7xQFVFRjy1n1edq5BFJq5b4mfziqrEqJlAscHHVdsqyFTNJXcV+b9i3oad9w==",
      "dependencies": [
        "@smithy/core",
        "tslib"
      ]
    },
    "@smithy/middleware-endpoint@4.6.16": {
      "integrity": "sha512-nU2N3LY6Vn46rwga1+gZQJ1Zsu+3/Qj2X+d5gKb8gSvLmojZd0sg9XWYqMDH59VeadVKOGOhMrhyzUo7ln4lGw==",
      "dependencies": [
        "@smithy/core",
        "tslib"
      ]
    },
    "@smithy/middleware-retry@4.7.16": {
      "integrity": "sha512-JOVvyFbNiXUuT8Id+uNIEzbkqi8IOa6zqEQgzpoQ1xYIQQFTFL/mXIiBRLlA129aoBB1EeiElkhmLZyok5axYA==",
      "dependencies": [
        "@smithy/core",
        "tslib"
      ]
    },
    "@smithy/middleware-serde@4.4.16": {
      "integrity": "sha512-nwYV4tBUU5kBOYec2p8vKz5pzMVWVEcalVY4ZXguUdZZEOm9LQZhT0pKsnYSQhldvWegaFKWAR45Mi4XUfv5cQ==",
      "dependencies": [
        "@smithy/core",
        "tslib"
      ]
    },
    "@smithy/middleware-stack@4.4.16": {
      "integrity": "sha512-IivXdOXykxp8Eq+qDL91mxEVd9CoR7wEIJqhJiwbHnmJVX6SZm2hxZt6uSDQOEh5tYHQdj6WuqmpNhV7P8C1Ww==",
      "dependencies": [
        "@smithy/core",
        "tslib"
      ]
    },
    "@smithy/node-config-provider@4.5.16": {
      "integrity": "sha512-N4XTMCO77u8jXq9Ms1pbFM3M9zD+ScKnvB+M7//VyawM8L6xW3/mqAPp/uMOYprW+q/b1Qen6qUKVwxTb2ymiQ==",
      "dependencies": [
        "@smithy/core",
        "tslib"
      ]
    },
    "@smithy/node-http-handler@4.9.13": {
      "integrity": "sha512-Nmd/Nl35zfYrd+a6OO2cDJb3GPh9bgTjIUhcM+JFfjpp8/osCgboDV5nCT1I01Pv6R13eSKDKLSoVa5ZB6Zsfw==",
      "dependencies": [
        "@smithy/core",
        "@smithy/types",
        "tslib"
      ]
    },
    "@smithy/property-provider@4.4.16": {
      "integrity": "sha512-xsj0qoE3ya7Fu3YoyKPINtGWsY33IO2ypcOJpLAGMbzGYTNr0wqK0HnCroHRIoJTsHapnsFABUhzlNfHo/diwg==",
      "dependencies": [
        "@smithy/core",
        "tslib"
      ]
    },
    "@smithy/protocol-http@5.5.16": {
      "integrity": "sha512-iPaxIe9mTyidyhM6WF2/gSLPezyCwSlZcqlDBj2KCoSS994iw4yf1se1xmZkWsY98ZpwjDR/ZMubOSVx+Nrokw==",
      "dependencies": [
        "@smithy/core",
        "tslib"
      ]
    },
    "@smithy/querystring-builder@4.4.16": {
      "integrity": "sha512-g/dWVOqxhCExood2x6aYS7ZQpAQpvsWck4LZgpqf42hnkI1cgNltHi/hFTqhw+6LDmbn8r37sNGLsMziXFN8SQ==",
      "dependencies": [
        "@smithy/core",
        "tslib"
      ]
    },
    "@smithy/shared-ini-file-loader@4.6.16": {
      "integrity": "sha512-apuIuit7x6ZM0nJxuKf24MCkflwnSyD6wePOPGkhntEl0gLaIYLlZTQtzCB+j3kWOTpqx0D1o6JZ15NTk4f8xQ==",
      "dependencies": [
        "@smithy/core",
        "tslib"
      ]
    },
    "@smithy/signature-v4@5.6.12": {
      "integrity": "sha512-I6KLtq3H0qqSuV9vLglfi8puHqzygzWHOnI4z/Rdoo+q50vvo18vBRdPAvvEtcaKROz7Zn6qnPa14kRfPH6PcQ==",
      "dependencies": [
        "@smithy/core",
        "@smithy/types",
        "tslib"
      ]
    },
    "@smithy/smithy-client@4.14.16": {
      "integrity": "sha512-UzWzH88hntrIn1wMPlmt/6vmQL+FS+pYgqvBsp4QQdgt/DUFZZD0S0xRO7kCfAfz9fqn9boVb+buFWU4LD9PJg==",
      "dependencies": [
        "@smithy/core",
        "@smithy/types",
        "tslib"
      ]
    },
    "@smithy/types@4.16.1": {
      "integrity": "sha512-0JFs3V2y2M9tKW5na/qxe69Zv+uxLMO7QBbhxF/FHu/Gp2NFZAAL9tWl9PU02xxo07pb3G9FTyjNc6D5uZrJIg==",
      "dependencies": [
        "tslib"
      ]
    },
    "@smithy/url-parser@4.4.16": {
      "integrity": "sha512-0VynNn3o4qSpRbgtG6RbT09wsN2HjsIkBvxHUX99p0t3sFj7hvqsOtPQBubawSNH4PWfwXgkD82vG166ROta7w==",
      "dependencies": [
        "@smithy/core",
        "tslib"
      ]
    },
    "@smithy/util-base64@4.5.16": {
      "integrity": "sha512-80e25qWKD6hJh5BenAutni2Z6dj2AiZKmht21pcROmzWzQja8yl+KqsuDSia++hwk1Ne6RrDEBwP6I+A4R0XAg==",
      "dependencies": [
        "@smithy/core",
        "tslib"
      ]
    },
    "@smithy/util-body-length-browser@4.4.16": {
      "integrity": "sha512-gTqO1MkKFsaKgJoGelxgWBdUlHqc9g1z6ItBVFsQU1yTO4W6BEIq/NZIDf/UTi6ueojTr2fJRetusBIbctA6KQ==",
      "dependencies": [
        "@smithy/core",
        "tslib"
      ]
    },
    "@smithy/util-body-length-node@4.4.16": {
      "integrity": "sha512-BTwIXGhunFzjNYpKrRJJjgfEONT8m/wyBB0IL4BWB9WqJSQa/CEMh2cPHqbqMpKwnAljPuhhbGwF2Z0qm2C04A==",
      "dependencies": [
        "@smithy/core",
        "tslib"
      ]
    },
    "@smithy/util-buffer-from@2.2.0": {
      "integrity": "sha512-IJdWBbTcMQ6DA0gdNhh/BwrLkDR+ADW5Kr1aZmd4k3DIF6ezMV4R2NIAmT08wQJ3yUK82thHWmC/TnK/wpMMIA==",
      "dependencies": [
        "@smithy/is-array-buffer@2.2.0",
        "tslib"
      ]
    },
    "@smithy/util-config-provider@4.4.16": {
      "integrity": "sha512-GB3CQ1o09Dc3aUOswcy3q3xbe5ib5tNyIDmvn8i8Nno01gogbqn1BNIHGawSHApEFVtL1OqjkoiQ9lMXpgY5ig==",
      "dependencies": [
        "@smithy/core",
        "tslib"
      ]
    },
    "@smithy/util-defaults-mode-browser@4.5.16": {
      "integrity": "sha512-en8XtoFeELWwI0pwpmUbf63bJ9WRusVozGQ59mE9YuUuW+Q/FFRfdbd/EZIf/p1oZXHerbj30ITuer7vE47TbQ==",
      "dependencies": [
        "@smithy/core",
        "tslib"
      ]
    },
    "@smithy/util-defaults-mode-node@4.4.16": {
      "integrity": "sha512-MAN0jEah3skK3+94QiikeLbuhnZ9GuW+JCjuIUpXGUvJG2U4N8sscypWDMUJUkKc6DYJ0UaGI5Xvb17crXwyiw==",
      "dependencies": [
        "@smithy/core",
        "tslib"
      ]
    },
    "@smithy/util-endpoints@3.6.16": {
      "integrity": "sha512-7dFFv+DA2Ln8s60s+JIRHHfl/Fch8HZ3FY9VjnM6I3EtigDP+bUUexNQZuexVYJXUejpQ48/JIHSiSmugFDD/A==",
      "dependencies": [
        "@smithy/core",
        "tslib"
      ]
    },
    "@smithy/util-middleware@4.4.16": {
      "integrity": "sha512-VuChjNaV9VteddlugHsGqFXgjQK8WIt9JxYAtdsi1i8A1PwrVAVC6DVVRqr9XbGeWnHvvWb0ywWLMjYUZwiHYg==",
      "dependencies": [
        "@smithy/core",
        "tslib"
      ]
    },
    "@smithy/util-retry@4.5.16": {
      "integrity": "sha512-oM/8/5H9aG1omF2CzDxE7oxiJQhkonS2Vz1Kd6/76IhvPzCoroA3RVhr0EhAhZmyY6th3WfLK0OpRrphJ3YbgQ==",
      "dependencies": [
        "@smithy/core",
        "tslib"
      ]
    },
    "@smithy/util-stream@4.7.16": {
      "integrity": "sha512-r/r4fqkU5fkJQaGpTrVssAHuPIwDSHrwz1KQ3rb1riYkL71OsYciHun1i0PWrJLLt+nPvroHXcaz39RdNW3XBw==",
      "dependencies": [
        "@smithy/core",
        "tslib"
      ]
    },
    "@smithy/util-utf8@2.3.0": {
      "integrity": "sha512-R8Rdn8Hy72KKcebgLiv8jQcQkXoLMOGGv5uI1/k0l+snqkOzQ1R0ChUBCxWMlBsFMekWjq0wRudIweFs7sKT5A==",
      "dependencies": [
        "@smithy/util-buffer-from",
        "tslib"
      ]
    },
    "@smithy/util-utf8@4.4.16": {
      "integrity": "sha512-/gSbVMQlLRcneJ8D/JGbB1DNf0w4I7OpY2ldNUJ+myDmakPXEm9fy/X4swDlNYTOwBwsCKVJsogCfe7Txjnolg==",
      "dependencies": [
        "@smithy/core",
        "tslib"
      ]
    },
    "@smithy/util-waiter@4.5.16": {
      "integrity": "sha512-fbrKxazlmJDe70WVjM6LOiNA2IKiz8lzsF1rHoIiEj9ONf5uQTgN1srg8X+AveJHGYavqEhsDEGZP7gM1k43Rg==",
      "dependencies": [
        "@smithy/core",
        "tslib"
      ]
    },
    "@supabase/auth-js@2.107.0": {
      "integrity": "sha512-XA7x+WIeIvuC3GTZ2ey67QcBbGw4n+o5B7M+dMm9KT1lL3wX1B52DfEWW00WuPt/LnniJLLIn1WIm9YPtuxzKQ==",
      "dependencies": [
        "tslib"
      ]
    },
    "@supabase/functions-js@2.107.0": {
      "integrity": "sha512-iMtRUmEj1KOgQd/a3MR4hnBlPnZc62DW8+z8aPpnzbxWkexEZUVL2fSgvvp15gqFg1V55e2yMGqgK+yhSQxp5w==",
      "dependencies": [
        "tslib"
      ]
    },
    "@supabase/phoenix@0.4.4": {
      "integrity": "sha512-Gt0pqoXuIqX/8dvG0OKp/wMCobXNH3klNbUPBNyOfN0YA1IswrM3HyWFMOPk1Jy+BRaIyDPcFx4jLBwHNmlyfQ=="
    },
    "@supabase/postgrest-js@2.107.0": {
      "integrity": "sha512-7ARs47/tyIjX7T0Ive20d4NY8zQYXsP5/P07jJWxffSIM2gpnSnGRnL/Fe15GPbdjsW2sTYeckHcyaoKbM6yWQ==",
      "dependencies": [
        "tslib"
      ]
    },
    "@supabase/realtime-js@2.107.0": {
      "integrity": "sha512-cF2KYdR3JIn9YlWGeluY9S0G+otqTdL6hB8GzpatlEIY6fZudCcyFo6Dc3+X9tjeb+x9XcIyNAk9qhNAknjH1A==",
      "dependencies": [
        "@supabase/phoenix",
        "tslib"
      ]
    },
    "@supabase/storage-js@2.107.0": {
      "integrity": "sha512-/X8OOVwKBn8aVKuHAGOz2yLA0d2OauqhVuy4mNtN+o7wttHOgx1/j+pqOzlsjmhOHrYykF6AJNZhs3gKZzcMUw==",
      "dependencies": [
        "iceberg-js",
        "tslib"
      ]
    },
    "@supabase/supabase-js@2.107.0": {
      "integrity": "sha512-ChKzdlWVweMUUhr0U79JhMmgm1haS/C5JquaiCDr70JaGARRtjjoY9rkIheXWybXxTSNzRiQs3Sk8IAg1HS3ZA==",
      "dependencies": [
        "@supabase/auth-js",
        "@supabase/functions-js",
        "@supabase/postgrest-js",
        "@supabase/realtime-js",
        "@supabase/storage-js"
      ]
    },
    "@types/uuid@9.0.8": {
      "integrity": "sha512-jg+97EGIcY9AGHJJRaaPVgetKDsrTgbRjQ5Msgjh/DQKEFl0DtyRr/VCOyD1T2R1MNeWPK/u7JoGhlDZnKBAfA=="
    },
    "anynum@1.0.1": {
      "integrity": "sha512-N6//FLET/tXYNM/F6ABca1oH6fWB+KlTt909Le28WMDBk8oaT4vY17DCrwg2MvmuqUKt3Ni4N5dGJ/EoBgcO6A=="
    },
    "bowser@2.14.1": {
      "integrity": "sha512-tzPjzCxygAKWFOJP011oxFHs57HzIhOEracIgAePE4pqB3LikALKnSzUyU4MGs9/iCEUuHlAJTjTc5M+u7YEGg=="
    },
    "fast-xml-parser@5.2.5": {
      "integrity": "sha512-pfX9uG9Ki0yekDHx2SiuRIyFdyAr1kMIMitPvb0YBo8SUfKvia7w7FIyd/l6av85pFYRhZscS75MwMnbvY+hcQ==",
      "dependencies": [
        "strnum"
      ],
      "bin": true
    },
    "iceberg-js@0.8.1": {
      "integrity": "sha512-1dhVQZXhcHje7798IVM+xoo/1ZdVfzOMIc8/rgVSijRK38EDqOJoGula9N/8ZI5RD8QTxNQtK/Gozpr+qUqRRA=="
    },
    "strnum@2.4.1": {
      "integrity": "sha512-M9eUSMT2dCB2cTNPG7UYj6KuK7RJR2SN2+yCV/fTW3xzTCS6EaGZ5pSMgDIjB7r8zSfTGk+dvvn9rTjpVS9Mwg==",
      "dependencies": [
        "anynum"
      ]
    },
    "tslib@2.8.1": {
      "integrity": "sha512-oJFu94HQb+KVduSUQL7wnpmqnfmLsOA/nAh6b6EH0wCEoK0/mPeXU6c3wKDV83MkOuHPRHtSXKKU99IBazS/2w=="
    },
    "uuid@9.0.1": {
      "integrity": "sha512-b+1eJOlsR9K8HJpow9Ok3fiWOWSIcIzXodvv0rQjVoOVNpWMpxf1wZNpt4y9h10odCNrqnYp1OBzRktckBe3sA==",
      "deprecated": true,
      "bin": true
    }
  },
  "workspace": {
    "dependencies": [
      "npm:@aws-sdk/client-s3@3.883.0",
      "npm:@aws-sdk/s3-request-presigner@3.883.0",
      "npm:@supabase/supabase-js@2.107.0"
    ]
  }
}
